
Microsoft Visual Studio Solution File, Format Version 12.00
# Visual Studio Version 16
VisualStudioVersion = 16.0.29709.97
MinimumVisualStudioVersion = 10.0.40219.1
Project("{FAE04EC0-301F-11D3-BF4B-00C04F79EFBC}") = "ACAD_NewDrawingSectionSelect", "ACAD_NewDrawingSectionSelect.csproj", "{D0F25647-2241-4556-B622-8EF1DD52BEEE}"
	ProjectSection(ProjectDependencies) = postProject
		{5E247E2F-080D-41F6-AF2A-3B05ABB07D6B} = {5E247E2F-080D-41F6-AF2A-3B05ABB07D6B}
		{135C2DD1-A8F8-4789-9D75-4BDC5F436B09} = {135C2DD1-A8F8-4789-9D75-4BDC5F436B09}
	EndProjectSection
EndProject
Project("{FAE04EC0-301F-11D3-BF4B-00C04F79EFBC}") = "Test", "Test\Test.csproj", "{8DE0087C-BC5B-4AC1-B2A7-0EB77A6C1570}"
EndProject
Project("{FAE04EC0-301F-11D3-BF4B-00C04F79EFBC}") = "ACAD_CustomDataManager", "..\ACAD_CustomDataManager\ACAD_CustomDataManager.csproj", "{5E247E2F-080D-41F6-AF2A-3B05ABB07D6B}"
EndProject
Project("{FAE04EC0-301F-11D3-BF4B-00C04F79EFBC}") = "ACAD_XRecords_Manager", "..\ACAD_XRecords_Manager\ACAD_XRecords_Manager.csproj", "{135C2DD1-A8F8-4789-9D75-4BDC5F436B09}"
EndProject
Global
	GlobalSection(SolutionConfigurationPlatforms) = preSolution
		Debug|Any CPU = Debug|Any CPU
		Release|Any CPU = Release|Any CPU
	EndGlobalSection
	GlobalSection(ProjectConfigurationPlatforms) = postSolution
		{D0F25647-2241-4556-B622-8EF1DD52BEEE}.Debug|Any CPU.ActiveCfg = Debug|Any CPU
		{D0F25647-2241-4556-B622-8EF1DD52BEEE}.Debug|Any CPU.Build.0 = Debug|Any CPU
		{D0F25647-2241-4556-B622-8EF1DD52BEEE}.Release|Any CPU.ActiveCfg = Release|Any CPU
		{D0F25647-2241-4556-B622-8EF1DD52BEEE}.Release|Any CPU.Build.0 = Release|Any CPU
		{8DE0087C-BC5B-4AC1-B2A7-0EB77A6C1570}.Debug|Any CPU.ActiveCfg = Debug|Any CPU
		{8DE0087C-BC5B-4AC1-B2A7-0EB77A6C1570}.Debug|Any CPU.Build.0 = Debug|Any CPU
		{8DE0087C-BC5B-4AC1-B2A7-0EB77A6C1570}.Release|Any CPU.ActiveCfg = Release|Any CPU
		{8DE0087C-BC5B-4AC1-B2A7-0EB77A6C1570}.Release|Any CPU.Build.0 = Release|Any CPU
		{5E247E2F-080D-41F6-AF2A-3B05ABB07D6B}.Debug|Any CPU.ActiveCfg = Debug|Any CPU
		{5E247E2F-080D-41F6-AF2A-3B05ABB07D6B}.Debug|Any CPU.Build.0 = Debug|Any CPU
		{5E247E2F-080D-41F6-AF2A-3B05ABB07D6B}.Release|Any CPU.ActiveCfg = Release|Any CPU
		{5E247E2F-080D-41F6-AF2A-3B05ABB07D6B}.Release|Any CPU.Build.0 = Release|Any CPU
		{135C2DD1-A8F8-4789-9D75-4BDC5F436B09}.Debug|Any CPU.ActiveCfg = Debug|Any CPU
		{135C2DD1-A8F8-4789-9D75-4BDC5F436B09}.Debug|Any CPU.Build.0 = Debug|Any CPU
		{135C2DD1-A8F8-4789-9D75-4BDC5F436B09}.Release|Any CPU.ActiveCfg = Release|Any CPU
		{135C2DD1-A8F8-4789-9D75-4BDC5F436B09}.Release|Any CPU.Build.0 = Release|Any CPU
	EndGlobalSection
	GlobalSection(SolutionProperties) = preSolution
		HideSolutionNode = FALSE
	EndGlobalSection
	GlobalSection(ExtensibilityGlobals) = postSolution
		SolutionGuid = {4A1BCEA9-960E-4178-83B4-064C68B9EBDE}
	EndGlobalSection
EndGlobal
